
Microsoft Visual Studio Solution File, Format Version 12.00
# Visual Studio Version 17
VisualStudioVersion = 17.3.32901.215
MinimumVisualStudioVersion = 10.0.40219.1
Project("{FAE04EC0-301F-11D3-BF4B-00C04F79EFBC}") = "ConsoleApp1", "ConsoleApp1\ConsoleApp1.csproj", "{516EB58A-802D-4FA9-9703-4AE410B3092F}"
EndProject
Project("{FAE04EC0-301F-11D3-BF4B-00C04F79EFBC}") = "ConsoleApp2", "ConsoleApp2\ConsoleApp2.csproj", "{C059819A-ACB9-4F9F-A0E7-4FC79BF1AE13}"
EndProject
Global
	GlobalSection(SolutionConfigurationPlatforms) = preSolution
		Debug|Any CPU = Debug|Any CPU
		Release|Any CPU = Release|Any CPU
	EndGlobalSection
	GlobalSection(ProjectConfigurationPlatforms) = postSolution
		{516EB58A-802D-4FA9-9703-4AE410B3092F}.Debug|Any CPU.ActiveCfg = Debug|Any CPU
		{516EB58A-802D-4FA9-9703-4AE410B3092F}.Debug|Any CPU.Build.0 = Debug|Any CPU
		{516EB58A-802D-4FA9-9703-4AE410B3092F}.Release|Any CPU.ActiveCfg = Release|Any CPU
		{516EB58A-802D-4FA9-9703-4AE410B3092F}.Release|Any CPU.Build.0 = Release|Any CPU
		{C059819A-ACB9-4F9F-A0E7-4FC79BF1AE13}.Debug|Any CPU.ActiveCfg = Debug|Any CPU
		{C059819A-ACB9-4F9F-A0E7-4FC79BF1AE13}.Debug|Any CPU.Build.0 = Debug|Any CPU
		{C059819A-ACB9-4F9F-A0E7-4FC79BF1AE13}.Release|Any CPU.ActiveCfg = Release|Any CPU
		{C059819A-ACB9-4F9F-A0E7-4FC79BF1AE13}.Release|Any CPU.Build.0 = Release|Any CPU
	EndGlobalSection
	GlobalSection(SolutionProperties) = preSolution
		HideSolutionNode = FALSE
	EndGlobalSection
	GlobalSection(ExtensibilityGlobals) = postSolution
		SolutionGuid = {27F3735C-732A-4DDA-8EB3-B42EA8453E84}
	EndGlobalSection
EndGlobal
