
Microsoft Visual Studio Solution File, Format Version 12.00
# Visual Studio Version 17
VisualStudioVersion = 17.3.32901.215
MinimumVisualStudioVersion = 10.0.40219.1
Project("{FAE04EC0-301F-11D3-BF4B-00C04F79EFBC}") = "Match Tickets", "Match Tickets\Match Tickets.csproj", "{FBD3BFA9-04D3-4D2E-A1A4-E1D20F9C8110}"
EndProject
Project("{FAE04EC0-301F-11D3-BF4B-00C04F79EFBC}") = "Flowers", "..\Flowers\Flowers.csproj", "{2012AF00-B810-42B1-B018-8762E2920588}"
EndProject
Project("{FAE04EC0-301F-11D3-BF4B-00C04F79EFBC}") = "Bike_Race", "..\Bike_Race\Bike_Race.csproj", "{C34FCE54-E2C3-4BD8-9651-6638F1895A1A}"
EndProject
Project("{FAE04EC0-301F-11D3-BF4B-00C04F79EFBC}") = "Car_To_Go", "..\Car_To_Go\Car_To_Go.csproj", "{F8DCC9E7-C3A5-4E05-8636-9C9B5592E3C5}"
EndProject
Project("{FAE04EC0-301F-11D3-BF4B-00C04F79EFBC}") = "Vacation", "..\Vacation\Vacation.csproj", "{BCEA56A1-0B9F-49B2-AF28-7F9EF7D5C1DF}"
EndProject
Project("{FAE04EC0-301F-11D3-BF4B-00C04F79EFBC}") = "Truck_Driver", "..\Truck_Driver\Truck_Driver.csproj", "{8CC3A0FA-558E-49F9-A795-472AFF1BDFD3}"
EndProject
Project("{FAE04EC0-301F-11D3-BF4B-00C04F79EFBC}") = "School_Camp", "..\School_Camp\School_Camp.csproj", "{38693B95-4072-41E0-A05B-55B0852ECC3F}"
EndProject
Project("{FAE04EC0-301F-11D3-BF4B-00C04F79EFBC}") = "Point_on_Rectangle_Border", "..\Point_on_Rectangle_Border\Point_on_Rectangle_Border.csproj", "{13362537-9FA7-463D-8217-B4E46441D249}"
EndProject
Project("{FAE04EC0-301F-11D3-BF4B-00C04F79EFBC}") = "Numbers_from_1_to_10", "..\Numbers_from_1_to_10\Numbers_from_1_to_10.csproj", "{C5E20686-5060-4E0B-A5E1-445ABB10CE2E}"
EndProject
Project("{FAE04EC0-301F-11D3-BF4B-00C04F79EFBC}") = "Multiply_by_2", "..\Multiply_by_2\Multiply_by_2.csproj", "{798AF008-A57D-433E-8DD3-D4B6ACE6A753}"
EndProject
Global
	GlobalSection(SolutionConfigurationPlatforms) = preSolution
		Debug|Any CPU = Debug|Any CPU
		Release|Any CPU = Release|Any CPU
	EndGlobalSection
	GlobalSection(ProjectConfigurationPlatforms) = postSolution
		{FBD3BFA9-04D3-4D2E-A1A4-E1D20F9C8110}.Debug|Any CPU.ActiveCfg = Debug|Any CPU
		{FBD3BFA9-04D3-4D2E-A1A4-E1D20F9C8110}.Debug|Any CPU.Build.0 = Debug|Any CPU
		{FBD3BFA9-04D3-4D2E-A1A4-E1D20F9C8110}.Release|Any CPU.ActiveCfg = Release|Any CPU
		{FBD3BFA9-04D3-4D2E-A1A4-E1D20F9C8110}.Release|Any CPU.Build.0 = Release|Any CPU
		{2012AF00-B810-42B1-B018-8762E2920588}.Debug|Any CPU.ActiveCfg = Debug|Any CPU
		{2012AF00-B810-42B1-B018-8762E2920588}.Debug|Any CPU.Build.0 = Debug|Any CPU
		{2012AF00-B810-42B1-B018-8762E2920588}.Release|Any CPU.ActiveCfg = Release|Any CPU
		{2012AF00-B810-42B1-B018-8762E2920588}.Release|Any CPU.Build.0 = Release|Any CPU
		{C34FCE54-E2C3-4BD8-9651-6638F1895A1A}.Debug|Any CPU.ActiveCfg = Debug|Any CPU
		{C34FCE54-E2C3-4BD8-9651-6638F1895A1A}.Debug|Any CPU.Build.0 = Debug|Any CPU
		{C34FCE54-E2C3-4BD8-9651-6638F1895A1A}.Release|Any CPU.ActiveCfg = Release|Any CPU
		{C34FCE54-E2C3-4BD8-9651-6638F1895A1A}.Release|Any CPU.Build.0 = Release|Any CPU
		{F8DCC9E7-C3A5-4E05-8636-9C9B5592E3C5}.Debug|Any CPU.ActiveCfg = Debug|Any CPU
		{F8DCC9E7-C3A5-4E05-8636-9C9B5592E3C5}.Debug|Any CPU.Build.0 = Debug|Any CPU
		{F8DCC9E7-C3A5-4E05-8636-9C9B5592E3C5}.Release|Any CPU.ActiveCfg = Release|Any CPU
		{F8DCC9E7-C3A5-4E05-8636-9C9B5592E3C5}.Release|Any CPU.Build.0 = Release|Any CPU
		{BCEA56A1-0B9F-49B2-AF28-7F9EF7D5C1DF}.Debug|Any CPU.ActiveCfg = Debug|Any CPU
		{BCEA56A1-0B9F-49B2-AF28-7F9EF7D5C1DF}.Debug|Any CPU.Build.0 = Debug|Any CPU
		{BCEA56A1-0B9F-49B2-AF28-7F9EF7D5C1DF}.Release|Any CPU.ActiveCfg = Release|Any CPU
		{BCEA56A1-0B9F-49B2-AF28-7F9EF7D5C1DF}.Release|Any CPU.Build.0 = Release|Any CPU
		{8CC3A0FA-558E-49F9-A795-472AFF1BDFD3}.Debug|Any CPU.ActiveCfg = Debug|Any CPU
		{8CC3A0FA-558E-49F9-A795-472AFF1BDFD3}.Debug|Any CPU.Build.0 = Debug|Any CPU
		{8CC3A0FA-558E-49F9-A795-472AFF1BDFD3}.Release|Any CPU.ActiveCfg = Release|Any CPU
		{8CC3A0FA-558E-49F9-A795-472AFF1BDFD3}.Release|Any CPU.Build.0 = Release|Any CPU
		{38693B95-4072-41E0-A05B-55B0852ECC3F}.Debug|Any CPU.ActiveCfg = Debug|Any CPU
		{38693B95-4072-41E0-A05B-55B0852ECC3F}.Debug|Any CPU.Build.0 = Debug|Any CPU
		{38693B95-4072-41E0-A05B-55B0852ECC3F}.Release|Any CPU.ActiveCfg = Release|Any CPU
		{38693B95-4072-41E0-A05B-55B0852ECC3F}.Release|Any CPU.Build.0 = Release|Any CPU
		{13362537-9FA7-463D-8217-B4E46441D249}.Debug|Any CPU.ActiveCfg = Debug|Any CPU
		{13362537-9FA7-463D-8217-B4E46441D249}.Debug|Any CPU.Build.0 = Debug|Any CPU
		{13362537-9FA7-463D-8217-B4E46441D249}.Release|Any CPU.ActiveCfg = Release|Any CPU
		{13362537-9FA7-463D-8217-B4E46441D249}.Release|Any CPU.Build.0 = Release|Any CPU
		{C5E20686-5060-4E0B-A5E1-445ABB10CE2E}.Debug|Any CPU.ActiveCfg = Debug|Any CPU
		{C5E20686-5060-4E0B-A5E1-445ABB10CE2E}.Debug|Any CPU.Build.0 = Debug|Any CPU
		{C5E20686-5060-4E0B-A5E1-445ABB10CE2E}.Release|Any CPU.ActiveCfg = Release|Any CPU
		{C5E20686-5060-4E0B-A5E1-445ABB10CE2E}.Release|Any CPU.Build.0 = Release|Any CPU
		{798AF008-A57D-433E-8DD3-D4B6ACE6A753}.Debug|Any CPU.ActiveCfg = Debug|Any CPU
		{798AF008-A57D-433E-8DD3-D4B6ACE6A753}.Debug|Any CPU.Build.0 = Debug|Any CPU
		{798AF008-A57D-433E-8DD3-D4B6ACE6A753}.Release|Any CPU.ActiveCfg = Release|Any CPU
		{798AF008-A57D-433E-8DD3-D4B6ACE6A753}.Release|Any CPU.Build.0 = Release|Any CPU
	EndGlobalSection
	GlobalSection(SolutionProperties) = preSolution
		HideSolutionNode = FALSE
	EndGlobalSection
	GlobalSection(ExtensibilityGlobals) = postSolution
		SolutionGuid = {036B7C25-E140-4DFB-BBE0-BBF9388B359C}
	EndGlobalSection
EndGlobal
